<?xml version="1.0" encoding="utf-8"?>
<Project ToolsVersion="4.0" xmlns="http://schemas.microsoft.com/developer/msbuild/2003">
  <ItemGroup>
    <Filter Include="Source Files">
      <UniqueIdentifier>{4FC737F1-C7A5-4376-A066-2A32D752A2FF}</UniqueIdentifier>
      <Extensions>cpp;c;cc;cxx;def;odl;idl;hpj;bat;asm;asmx</Extensions>
    </Filter>
    <Filter Include="Header Files">
      <UniqueIdentifier>{93995380-89BD-4b04-88EB-625FBE52EBFB}</UniqueIdentifier>
      <Extensions>h;hpp;hxx;hm;inl;inc;xsd</Extensions>
    </Filter>
    <Filter Include="Resource Files">
      <UniqueIdentifier>{67DA6AB6-F800-4c08-8B7A-83BB121AAD01}</UniqueIdentifier>
      <Extensions>rc;ico;cur;bmp;dlg;rc2;rct;bin;rgs;gif;jpg;jpeg;jpe;resx;tiff;tif;png;wav;mfcribbon-ms</Extensions>
    </Filter>
    <Filter Include="Source Files\ST">
      <UniqueIdentifier>{6899b7ff-7843-40f8-bede-24794b446c9d}</UniqueIdentifier>
      <Extensions>ST</Extensions>
    </Filter>
    <Filter Include="Header Files\AST">
      <UniqueIdentifier>{6346f937-1d62-4ffd-94ea-eb2c47e2e622}</UniqueIdentifier>
    </Filter>
    <Filter Include="Resource Files\tests">
      <UniqueIdentifier>{76537de3-eaab-408d-8898-a3edabb69c63}</UniqueIdentifier>
    </Filter>
  </ItemGroup>
  <ItemGroup>
    <None Include="lex.l">
      <Filter>Source Files</Filter>
    </None>
    <None Include="yacc.y">
      <Filter>Source Files</Filter>
    </None>
    <None Include="yacc.output">
      <Filter>Source Files</Filter>
    </None>
    <None Include="ClassDiagram.cd" />
    <None Include="ClassDiagram1.cd" />
    <None Include="ClassDiagram2.cd" />
    <None Include="common.asm">
      <Filter>Resource Files</Filter>
    </None>
    <None Include="exception.asm">
      <Filter>Resource Files</Filter>
    </None>
  </ItemGroup>
  <ItemGroup>
    <ClCompile Include="lex.yy.cc">
      <Filter>Source Files</Filter>
    </ClCompile>
    <ClCompile Include="yacc.cpp">
      <Filter>Source Files</Filter>
    </ClCompile>
    <ClCompile Include="ST\variable.cpp">
      <Filter>Source Files\ST</Filter>
    </ClCompile>
    <ClCompile Include="ST\Type.cpp">
      <Filter>Source Files\ST</Filter>
    </ClCompile>
    <ClCompile Include="ST\SymbolTable.cpp">
      <Filter>Source Files\ST</Filter>
    </ClCompile>
    <ClCompile Include="ST\Symbol.cpp">
      <Filter>Source Files\ST</Filter>
    </ClCompile>
    <ClCompile Include="ST\scoop.cpp">
      <Filter>Source Files\ST</Filter>
    </ClCompile>
    <ClCompile Include="ST\Method.cpp">
      <Filter>Source Files\ST</Filter>
    </ClCompile>
    <ClCompile Include="ST\Interface.cpp">
      <Filter>Source Files\ST</Filter>
    </ClCompile>
    <ClCompile Include="ST\Array.cpp">
      <Filter>Source Files\ST</Filter>
    </ClCompile>
    <ClCompile Include="ST\Protocol.cpp">
      <Filter>Source Files\ST</Filter>
    </ClCompile>
    <ClCompile Include="ST\VariableHelper.cpp">
      <Filter>Source Files\ST</Filter>
    </ClCompile>
    <ClCompile Include="Selector.cpp">
      <Filter>Source Files</Filter>
    </ClCompile>
    <ClCompile Include="Struct.cpp">
      <Filter>Source Files</Filter>
    </ClCompile>
    <ClCompile Include="EnumType.cpp">
      <Filter>Source Files</Filter>
    </ClCompile>
    <ClCompile Include="ScoopHelper.cpp">
      <Filter>Source Files</Filter>
    </ClCompile>
    <ClCompile Include="SemanticError.cpp">
      <Filter>Source Files</Filter>
    </ClCompile>
    <ClCompile Include="Error.cpp">
      <Filter>Source Files</Filter>
    </ClCompile>
    <ClCompile Include="Program.cpp">
      <Filter>Source Files</Filter>
    </ClCompile>
    <ClCompile Include="LongIdHelper.cpp">
      <Filter>Source Files</Filter>
    </ClCompile>
    <ClCompile Include="InterfaceHelper.cpp">
      <Filter>Source Files</Filter>
    </ClCompile>
    <ClCompile Include="StructHelper.cpp">
      <Filter>Source Files</Filter>
    </ClCompile>
    <ClCompile Include="ProtocolHelper.cpp">
      <Filter>Source Files</Filter>
    </ClCompile>
    <ClCompile Include="EnumHelper.cpp">
      <Filter>Source Files</Filter>
    </ClCompile>
    <ClCompile Include="VariableItems.cpp">
      <Filter>Source Files</Filter>
    </ClCompile>
    <ClCompile Include="MethodItems.cpp">
      <Filter>Source Files</Filter>
    </ClCompile>
    <ClCompile Include="ast\mips_asm.cpp">
      <Filter>Header Files\AST</Filter>
    </ClCompile>
    <ClCompile Include="CallSelector.cpp">
      <Filter>Source Files</Filter>
    </ClCompile>
    <ClCompile Include="DeclerationSelector.cpp">
      <Filter>Source Files</Filter>
    </ClCompile>
    <ClCompile Include="MethodsIndexer.cpp">
      <Filter>Source Files</Filter>
    </ClCompile>
    <ClCompile Include="Streams.cpp">
      <Filter>Source Files</Filter>
    </ClCompile>
    <ClCompile Include="ScoopNode.cpp">
      <Filter>Source Files</Filter>
    </ClCompile>
    <ClCompile Include="SyntaxError.cpp">
      <Filter>Source Files</Filter>
    </ClCompile>
    <ClCompile Include="node.cpp">
      <Filter>Source Files</Filter>
    </ClCompile>
    <ClCompile Include="VoidNode.cpp">
      <Filter>Source Files</Filter>
    </ClCompile>
    <ClCompile Include="ST\ArrayType.cpp">
      <Filter>Source Files</Filter>
    </ClCompile>
    <ClCompile Include="ast\declerationnode.cpp">
      <Filter>Source Files</Filter>
    </ClCompile>
  </ItemGroup>
  <ItemGroup>
    <ClInclude Include="yacc.hpp">
      <Filter>Header Files</Filter>
    </ClInclude>
    <ClInclude Include="ST\variable.h">
      <Filter>Source Files\ST</Filter>
    </ClInclude>
    <ClInclude Include="ST\Type.h">
      <Filter>Source Files\ST</Filter>
    </ClInclude>
    <ClInclude Include="ST\SymbolTable.h">
      <Filter>Source Files\ST</Filter>
    </ClInclude>
    <ClInclude Include="ST\Symbol.h">
      <Filter>Source Files\ST</Filter>
    </ClInclude>
    <ClInclude Include="ST\scoop.h">
      <Filter>Source Files\ST</Filter>
    </ClInclude>
    <ClInclude Include="ST\Method.h">
      <Filter>Source Files\ST</Filter>
    </ClInclude>
    <ClInclude Include="ST\Interface.h">
      <Filter>Source Files\ST</Filter>
    </ClInclude>
    <ClInclude Include="ST\Array.h">
      <Filter>Source Files\ST</Filter>
    </ClInclude>
    <ClInclude Include="ST\Protocol.h">
      <Filter>Source Files\ST</Filter>
    </ClInclude>
    <ClInclude Include="ST\VariableHelper.h">
      <Filter>Source Files\ST</Filter>
    </ClInclude>
    <ClInclude Include="Selector.h">
      <Filter>Header Files</Filter>
    </ClInclude>
    <ClInclude Include="Struct.h">
      <Filter>Header Files</Filter>
    </ClInclude>
    <ClInclude Include="EnumType.h">
      <Filter>Header Files</Filter>
    </ClInclude>
    <ClInclude Include="ScoopHelper.h">
      <Filter>Header Files</Filter>
    </ClInclude>
    <ClInclude Include="SemanticError.h">
      <Filter>Header Files</Filter>
    </ClInclude>
    <ClInclude Include="Error.h">
      <Filter>Header Files</Filter>
    </ClInclude>
    <ClInclude Include="Program.h">
      <Filter>Header Files</Filter>
    </ClInclude>
    <ClInclude Include="LongIdHelper.h">
      <Filter>Header Files</Filter>
    </ClInclude>
    <ClInclude Include="StructHelper.h">
      <Filter>Header Files</Filter>
    </ClInclude>
    <ClInclude Include="ProtocolHelper.h">
      <Filter>Header Files</Filter>
    </ClInclude>
    <ClInclude Include="EnumHelper.h">
      <Filter>Header Files</Filter>
    </ClInclude>
    <ClInclude Include="VariableItems.h">
      <Filter>Header Files</Filter>
    </ClInclude>
    <ClInclude Include="MethodItems.h">
      <Filter>Header Files</Filter>
    </ClInclude>
    <ClInclude Include="ast\ConstantNode.h">
      <Filter>Header Files\AST</Filter>
    </ClInclude>
    <ClInclude Include="ast\DeclerationNode.h">
      <Filter>Header Files\AST</Filter>
    </ClInclude>
    <ClInclude Include="ast\ForNode.h">
      <Filter>Header Files\AST</Filter>
    </ClInclude>
    <ClInclude Include="ast\IdentifierNode.h">
      <Filter>Header Files\AST</Filter>
    </ClInclude>
    <ClInclude Include="ast\IfNode.h">
      <Filter>Header Files\AST</Filter>
    </ClInclude>
    <ClInclude Include="ast\Node.h">
      <Filter>Header Files\AST</Filter>
    </ClInclude>
    <ClInclude Include="ast\ScoopNode.h">
      <Filter>Header Files\AST</Filter>
    </ClInclude>
    <ClInclude Include="ast\WhileNode.h">
      <Filter>Header Files\AST</Filter>
    </ClInclude>
    <ClInclude Include="ast\UnaryNode.h">
      <Filter>Header Files\AST</Filter>
    </ClInclude>
    <ClInclude Include="ast\CastNode.h">
      <Filter>Header Files\AST</Filter>
    </ClInclude>
    <ClInclude Include="ast\TypeChecker.h">
      <Filter>Header Files\AST</Filter>
    </ClInclude>
    <ClInclude Include="ast\ReturnNode.h">
      <Filter>Header Files\AST</Filter>
    </ClInclude>
    <ClInclude Include="ast\AssignNode.h">
      <Filter>Header Files\AST</Filter>
    </ClInclude>
    <ClInclude Include="CallNode.h">
      <Filter>Header Files\AST</Filter>
    </ClInclude>
    <ClInclude Include="SwitchNode.h">
      <Filter>Header Files\AST</Filter>
    </ClInclude>
    <ClInclude Include="ast\BinaryOperationNode.h">
      <Filter>Header Files\AST</Filter>
    </ClInclude>
    <ClInclude Include="ast\FunctionNode.h">
      <Filter>Header Files\AST</Filter>
    </ClInclude>
    <ClInclude Include="ast\mips_asm.h">
      <Filter>Header Files\AST</Filter>
    </ClInclude>
    <ClInclude Include="DoWhileNode.h">
      <Filter>Header Files\AST</Filter>
    </ClInclude>
    <ClInclude Include="ClassNode.h">
      <Filter>Header Files\AST</Filter>
    </ClInclude>
    <ClInclude Include="InterfaceHelper.h">
      <Filter>Header Files\AST</Filter>
    </ClInclude>
    <ClInclude Include="ElseNode.h">
      <Filter>Header Files\AST</Filter>
    </ClInclude>
    <ClInclude Include="Warning.h">
      <Filter>Header Files</Filter>
    </ClInclude>
    <ClInclude Include="AsmNode.h">
      <Filter>Header Files\AST</Filter>
    </ClInclude>
    <ClInclude Include="CallSelector.h">
      <Filter>Header Files</Filter>
    </ClInclude>
    <ClInclude Include="DeclerationSelector.h">
      <Filter>Header Files</Filter>
    </ClInclude>
    <ClInclude Include="MethodsIndexer.h">
      <Filter>Header Files</Filter>
    </ClInclude>
    <ClInclude Include="DotNode.h">
      <Filter>Header Files</Filter>
    </ClInclude>
    <ClInclude Include="Streams.h">
      <Filter>Header Files</Filter>
    </ClInclude>
    <ClInclude Include="SyntaxError.h">
      <Filter>Header Files</Filter>
    </ClInclude>
    <ClInclude Include="VoidNode.h">
      <Filter>Header Files</Filter>
    </ClInclude>
    <ClInclude Include="ST\ArrayType.h">
      <Filter>Header Files</Filter>
    </ClInclude>
    <ClInclude Include="ArrayAccessNode.h">
      <Filter>Header Files</Filter>
    </ClInclude>
    <ClInclude Include="ThrowNode.h">
      <Filter>Header Files</Filter>
    </ClInclude>
    <ClInclude Include="TryNode.h">
      <Filter>Header Files</Filter>
    </ClInclude>
    <ClInclude Include="CatchNode.h">
      <Filter>Header Files</Filter>
    </ClInclude>
    <ClInclude Include="RegAccessNode.h">
      <Filter>Header Files</Filter>
    </ClInclude>
  </ItemGroup>
  <ItemGroup>
    <Text Include="codeold.txt">
      <Filter>Resource Files</Filter>
    </Text>
    <Text Include="test.txt">
      <Filter>Resource Files</Filter>
    </Text>
    <Text Include="code.txt">
      <Filter>Resource Files</Filter>
    </Text>
    <Text Include="system.oc">
      <Filter>Resource Files</Filter>
    </Text>
    <Text Include="external tool.txt">
      <Filter>Resource Files</Filter>
    </Text>
    <Text Include="nsobject.oc">
      <Filter>Resource Files</Filter>
    </Text>
    <Text Include="inhertance overriding.txt">
      <Filter>Resource Files\tests</Filter>
    </Text>
    <Text Include="polytest.txt">
      <Filter>Resource Files\tests</Filter>
    </Text>
    <Text Include="wessam.txt">
      <Filter>Resource Files</Filter>
    </Text>
    <Text Include="verbose.txt">
      <Filter>Resource Files</Filter>
    </Text>
  </ItemGroup>
</Project>